{
    "_readme": [
        "This file locks the dependencies of your project to a known state",
        "Read more about it at https://getcomposer.org/doc/01-basic-usage.md#installing-dependencies",
        "This file is @generated automatically"
    ],
    "content-hash": "98e0688e11a1c5c0a14fcd4038874c4d",
    "packages": [
        {
            "name": "myclabs/deep-copy",
            "version": "1.11.1",
            "source": {
                "type": "git",
                "url": "https://github.com/myclabs/DeepCopy.git",
                "reference": "7284c22080590fb39f2ffa3e9057f10a4ddd0e0c"
            },
            "dist": {
                "type": "zip",
                "url": "https://api.github.com/repos/myclabs/DeepCopy/zipball/7284c22080590fb39f2ffa3e9057f10a4ddd0e0c",
                "reference": "7284c22080590fb39f2ffa3e9057f10a4ddd0e0c",
                "shasum": ""
            },
            "require": {
                "php": "^7.1 || ^8.0"
            },
            "conflict": {
                "doctrine/collections": "<1.6.8",
                "doctrine/common": "<2.13.3 || >=3,<3.2.2"
            },
            "require-dev": {
                "doctrine/collections": "^1.6.8",
                "doctrine/common": "^2.13.3 || ^3.2.2",
                "phpunit/phpunit": "^7.5.20 || ^8.5.23 || ^9.5.13"
            },
            "type": "library",
            "autoload": {
                "files": [
                    "src/DeepCopy/deep_copy.php"
                ],
                "psr-4": {
                    "DeepCopy\\": "src/DeepCopy/"
                }
            },
            "notification-url": "https://packagist.org/downloads/",
            "license": [
                "MIT"
            ],
            "description": "Create deep copies (clones) of your objects",
            "keywords": [
                "clone",
                "copy",
                "duplicate",
                "object",
                "object graph"
            ],
            "support": {
                "issues": "https://github.com/myclabs/DeepCopy/issues",
                "source": "https://github.com/myclabs/DeepCopy/tree/1.11.1"
            },
            "funding": [
                {
                    "url": "https://tidelift.com/funding/github/packagist/myclabs/deep-copy",
                    "type": "tidelift"
                }
            ],
            "time": "2023-03-08T13:26:56+00:00"
        }
    ],
    "packages-dev": [],
    "aliases": [],
    "minimum-stability": "stable",
    "stability-flags": [],
    "prefer-stable": false,
    "prefer-lowest": false,
    "platform": {
        "php": "^8.1|^8.2"
    },
    "platform-dev": [],
    "plugin-api-version": "2.3.0"
}
