{
    "_readme": [
        "This file locks the dependencies of your project to a known state",
        "Read more about it at https://getcomposer.org/doc/01-basic-usage.md#installing-dependencies",
        "This file is @generated automatically"
    ],
    "content-hash": "e07d77ec55110ea107a492ea5b2ad6bb",
    "packages": [
        {
            "name": "davidrjenni/scip-php-test-dep",
            "version": "dev-main",
            "dist": {
                "type": "path",
                "url": "../scip-php-test-dep",
                "reference": "799e140c065841e44b29351a444c6f8579aa5349"
            },
            "type": "library",
            "autoload": {
                "files": [
                    "src/func4.php",
                    "src/ClassJ.php"
                ],
                "psr-4": {
                    "Test\\Dep\\": "src"
                }
            },
            "license": [
                "MIT"
            ],
            "description": "A package that is a test dependency",
            "transport-options": {
                "relative": true
            }
        }
    ],
    "packages-dev": [],
    "aliases": [],
    "minimum-stability": "dev",
    "stability-flags": [],
    "prefer-stable": false,
    "prefer-lowest": false,
    "platform": {
        "php": "^8.2"
    },
    "platform-dev": [],
    "plugin-api-version": "2.3.0"
}
